
Microsoft Visual Studio Solution File, Format Version 12.00
# Visual Studio Version 17
VisualStudioVersion = 17.14.36414.22 d17.14
MinimumVisualStudioVersion = 10.0.40219.1
Project("{FAE04EC0-301F-11D3-BF4B-00C04F79EFBC}") = "Comb4", "Comb4\Comb4.csproj", "{425B0D49-FBC5-4792-98A4-30418AADBEDB}"
EndProject
Global
	GlobalSection(SolutionConfigurationPlatforms) = preSolution
		Debug|Any CPU = Debug|Any CPU
		Release|Any CPU = Release|Any CPU
	EndGlobalSection
	GlobalSection(ProjectConfigurationPlatforms) = postSolution
		{425B0D49-FBC5-4792-98A4-30418AADBEDB}.Debug|Any CPU.ActiveCfg = Debug|Any CPU
		{425B0D49-FBC5-4792-98A4-30418AADBEDB}.Debug|Any CPU.Build.0 = Debug|Any CPU
		{425B0D49-FBC5-4792-98A4-30418AADBEDB}.Release|Any CPU.ActiveCfg = Release|Any CPU
		{425B0D49-FBC5-4792-98A4-30418AADBEDB}.Release|Any CPU.Build.0 = Release|Any CPU
	EndGlobalSection
	GlobalSection(SolutionProperties) = preSolution
		HideSolutionNode = FALSE
	EndGlobalSection
	GlobalSection(ExtensibilityGlobals) = postSolution
		SolutionGuid = {26054369-B652-4177-B5C8-F415D00444C2}
	EndGlobalSection
EndGlobal
