
Microsoft Visual Studio Solution File, Format Version 12.00
# Visual Studio Version 17
VisualStudioVersion = 17.14.36414.22 d17.14
MinimumVisualStudioVersion = 10.0.40219.1
Project("{FAE04EC0-301F-11D3-BF4B-00C04F79EFBC}") = "Comb3", "Comb3\Comb3.csproj", "{95FABC7A-7980-416E-A59F-BBE0E008C16D}"
EndProject
Global
	GlobalSection(SolutionConfigurationPlatforms) = preSolution
		Debug|Any CPU = Debug|Any CPU
		Release|Any CPU = Release|Any CPU
	EndGlobalSection
	GlobalSection(ProjectConfigurationPlatforms) = postSolution
		{95FABC7A-7980-416E-A59F-BBE0E008C16D}.Debug|Any CPU.ActiveCfg = Debug|Any CPU
		{95FABC7A-7980-416E-A59F-BBE0E008C16D}.Debug|Any CPU.Build.0 = Debug|Any CPU
		{95FABC7A-7980-416E-A59F-BBE0E008C16D}.Release|Any CPU.ActiveCfg = Release|Any CPU
		{95FABC7A-7980-416E-A59F-BBE0E008C16D}.Release|Any CPU.Build.0 = Release|Any CPU
	EndGlobalSection
	GlobalSection(SolutionProperties) = preSolution
		HideSolutionNode = FALSE
	EndGlobalSection
	GlobalSection(ExtensibilityGlobals) = postSolution
		SolutionGuid = {6C6FB9BC-C8B6-4D62-ACB8-15406B618D43}
	EndGlobalSection
EndGlobal
